<?xml version="1.0" encoding="utf-8"?>
<Project ToolsVersion="4.0" xmlns="http://schemas.microsoft.com/developer/msbuild/2003">
  <ItemGroup>
    <Filter Include="Source Files">
      <UniqueIdentifier>{4FC737F1-C7A5-4376-A066-2A32D752A2FF}</UniqueIdentifier>
      <Extensions>cpp;c;cc;cxx;def;odl;idl;hpj;bat;asm;asmx</Extensions>
    </Filter>
    <Filter Include="Header Files">
      <UniqueIdentifier>{93995380-89BD-4b04-88EB-625FBE52EBFB}</UniqueIdentifier>
      <Extensions>h;hpp;hxx;hm;inl;inc;xsd</Extensions>
    </Filter>
    <Filter Include="Resource Files">
      <UniqueIdentifier>{67DA6AB6-F800-4c08-8B7A-83BB121AAD01}</UniqueIdentifier>
      <Extensions>rc;ico;cur;bmp;dlg;rc2;rct;bin;rgs;gif;jpg;jpeg;jpe;resx;tiff;tif;png;wav;mfcribbon-ms</Extensions>
    </Filter>
    <Filter Include="Math">
      <UniqueIdentifier>{10bf2c08-a043-4372-85ea-e79f57561eb3}</UniqueIdentifier>
    </Filter>
    <Filter Include="Quad">
      <UniqueIdentifier>{8de1366e-69d3-4446-a1d7-7d0199c89dec}</UniqueIdentifier>
    </Filter>
    <Filter Include="ImportExport">
      <UniqueIdentifier>{0aaf38c1-f3fe-48cf-9289-219c0c59c2a8}</UniqueIdentifier>
    </Filter>
  </ItemGroup>
  <ItemGroup>
    <Text Include="ReadMe.txt" />
  </ItemGroup>
  <ItemGroup>
    <ClInclude Include="QuadEdgeAPI.h">
      <Filter>Header Files</Filter>
    </ClInclude>
    <ClInclude Include="Test.h">
      <Filter>Header Files</Filter>
    </ClInclude>
    <ClInclude Include="Leaf.h">
      <Filter>Quad</Filter>
    </ClInclude>
    <ClInclude Include="Quad.h">
      <Filter>Quad</Filter>
    </ClInclude>
    <ClInclude Include="Splice.h">
      <Filter>Quad</Filter>
    </ClInclude>
    <ClInclude Include="Vector.h">
      <Filter>Math</Filter>
    </ClInclude>
    <ClInclude Include="VShape.h">
      <Filter>Math</Filter>
    </ClInclude>
    <ClInclude Include="Box.h">
      <Filter>Math</Filter>
    </ClInclude>
    <ClInclude Include="Shape.h">
      <Filter>Quad</Filter>
    </ClInclude>
    <ClInclude Include="Grid.h">
      <Filter>Math</Filter>
    </ClInclude>
    <ClInclude Include="STL.h">
      <Filter>ImportExport</Filter>
    </ClInclude>
  </ItemGroup>
  <ItemGroup>
    <ClCompile Include="QuadEdgeAPI.cpp">
      <Filter>Source Files</Filter>
    </ClCompile>
    <ClCompile Include="Test.cpp">
      <Filter>Source Files</Filter>
    </ClCompile>
    <ClCompile Include="Grid.cpp">
      <Filter>Math</Filter>
    </ClCompile>
    <ClCompile Include="STL.cpp">
      <Filter>ImportExport</Filter>
    </ClCompile>
  </ItemGroup>
</Project>